<?xml version="1.0" encoding="utf-8"?>
<Project ToolsVersion="4.0" xmlns="http://schemas.microsoft.com/developer/msbuild/2003">
  <ItemGroup>
    <ClCompile Include="main.cpp" />
    <ClCompile Include="Textures.cpp">
      <Filter>Engine\Resource\Textures</Filter>
    </ClCompile>
    <ClCompile Include="Shaders.cpp">
      <Filter>Engine\Resource\Shaders</Filter>
    </ClCompile>
    <ClCompile Include="Window.cpp">
      <Filter>Engine\Window</Filter>
    </ClCompile>
    <ClCompile Include="Inputs.cpp">
      <Filter>Engine\Inputs</Filter>
    </ClCompile>
    <ClCompile Include="Spooler.cpp">
      <Filter>Engine\Resource\Spooler</Filter>
    </ClCompile>
    <ClCompile Include="Object.cpp">
      <Filter>Engine\Object</Filter>
    </ClCompile>
    <ClCompile Include="Mesh.cpp">
      <Filter>Engine\Object\Mesh</Filter>
    </ClCompile>
    <ClCompile Include="Geo.cpp">
      <Filter>Engine\Object\Mesh\Geo</Filter>
    </ClCompile>
    <ClCompile Include="Engine.cpp" />
  </ItemGroup>
  <ItemGroup>
    <Filter Include="Engine">
      <UniqueIdentifier>{2a02024a-3c1f-4022-bc05-0205f26c1314}</UniqueIdentifier>
    </Filter>
    <Filter Include="Engine\Window">
      <UniqueIdentifier>{2c1c4b94-2407-45bf-8375-3ea8e83aeecb}</UniqueIdentifier>
    </Filter>
    <Filter Include="Engine\Inputs">
      <UniqueIdentifier>{3e299c10-027f-4b1d-936a-7cf8816a8e20}</UniqueIdentifier>
    </Filter>
    <Filter Include="Engine\Object">
      <UniqueIdentifier>{b3bb8bee-5338-4c16-8c2a-45e9c9812a48}</UniqueIdentifier>
    </Filter>
    <Filter Include="Engine\Resource">
      <UniqueIdentifier>{ff6812d4-0fcf-48cb-baf0-337b9fa47682}</UniqueIdentifier>
    </Filter>
    <Filter Include="Engine\Resource\Textures">
      <UniqueIdentifier>{5887b35f-5f76-4f4c-87dd-bd2c6b5bb409}</UniqueIdentifier>
    </Filter>
    <Filter Include="Engine\Resource\Shaders">
      <UniqueIdentifier>{034d52f2-1a40-4858-a1d6-64c46ed3d0d4}</UniqueIdentifier>
    </Filter>
    <Filter Include="Engine\Object\Mesh">
      <UniqueIdentifier>{d4e37b75-a40a-4879-8bac-e87baff46ef6}</UniqueIdentifier>
    </Filter>
    <Filter Include="Engine\Object\Mesh\Geo">
      <UniqueIdentifier>{2ddaafd7-923e-4557-a2b7-591a3bef50e9}</UniqueIdentifier>
    </Filter>
    <Filter Include="Engine\Object\Mesh\Geo\Shaders">
      <UniqueIdentifier>{4e865951-13fa-4f2e-8e7b-26c51459e98a}</UniqueIdentifier>
    </Filter>
    <Filter Include="Engine\Resource\Spooler">
      <UniqueIdentifier>{72d22076-3e56-42b9-96f0-87acb954b0ab}</UniqueIdentifier>
    </Filter>
  </ItemGroup>
  <ItemGroup>
    <ClInclude Include="Textures.h">
      <Filter>Engine\Resource\Textures</Filter>
    </ClInclude>
    <ClInclude Include="Shaders.h">
      <Filter>Engine\Resource\Shaders</Filter>
    </ClInclude>
    <ClInclude Include="Window.h">
      <Filter>Engine\Window</Filter>
    </ClInclude>
    <ClInclude Include="Inputs.h">
      <Filter>Engine\Inputs</Filter>
    </ClInclude>
    <ClInclude Include="Spooler.h">
      <Filter>Engine\Resource\Spooler</Filter>
    </ClInclude>
    <ClInclude Include="Object.h">
      <Filter>Engine\Object</Filter>
    </ClInclude>
    <ClInclude Include="Mesh.h">
      <Filter>Engine\Object\Mesh</Filter>
    </ClInclude>
    <ClInclude Include="Geo.h">
      <Filter>Engine\Object\Mesh\Geo</Filter>
    </ClInclude>
    <ClInclude Include="Engine.h" />
  </ItemGroup>
  <ItemGroup>
    <Text Include="Square.vert">
      <Filter>Engine\Object\Mesh\Geo\Shaders</Filter>
    </Text>
    <Text Include="Square.frag">
      <Filter>Engine\Object\Mesh\Geo\Shaders</Filter>
    </Text>
  </ItemGroup>
</Project>