<?xml version="1.0" encoding="utf-8"?>
<Project ToolsVersion="4.0" xmlns="http://schemas.microsoft.com/developer/msbuild/2003">
  <ItemGroup>
    <ClCompile Include="main.cpp" />
    <ClCompile Include="Object.cpp">
      <Filter>Engine\Object</Filter>
    </ClCompile>
    <ClCompile Include="Mesh.cpp">
      <Filter>Engine\Mesh</Filter>
    </ClCompile>
    <ClCompile Include="Shader.cpp">
      <Filter>Engine\Shader</Filter>
    </ClCompile>
    <ClCompile Include="Renderer.cpp">
      <Filter>Engine\Renderer</Filter>
    </ClCompile>
    <ClCompile Include="Window.cpp">
      <Filter>Engine\Window</Filter>
    </ClCompile>
    <ClCompile Include="Cube.cpp">
      <Filter>Testing\Cube</Filter>
    </ClCompile>
    <ClCompile Include="Sprite.cpp">
      <Filter>Engine\Sprite</Filter>
    </ClCompile>
  </ItemGroup>
  <ItemGroup>
    <Filter Include="Engine">
      <UniqueIdentifier>{5bcd4434-e62c-4c42-8d7e-eb280885e00f}</UniqueIdentifier>
    </Filter>
    <Filter Include="Engine\Object">
      <UniqueIdentifier>{f79f4725-622f-49e6-93d3-d108050b3766}</UniqueIdentifier>
    </Filter>
    <Filter Include="Engine\Mesh">
      <UniqueIdentifier>{961ef877-4bd1-4035-89af-1c4fd5f0e7c9}</UniqueIdentifier>
    </Filter>
    <Filter Include="Engine\Shader">
      <UniqueIdentifier>{c599ca2c-7a28-464f-b2f9-872f0d4fe021}</UniqueIdentifier>
    </Filter>
    <Filter Include="Engine\Renderer">
      <UniqueIdentifier>{4bdd032f-924c-4c2e-9853-c43469f25378}</UniqueIdentifier>
    </Filter>
    <Filter Include="Engine\Window">
      <UniqueIdentifier>{7b4948c2-10da-444a-8426-ada526c69388}</UniqueIdentifier>
    </Filter>
    <Filter Include="Testing">
      <UniqueIdentifier>{5134a135-f21b-45b5-b529-e483b8d710eb}</UniqueIdentifier>
    </Filter>
    <Filter Include="Testing\Cube">
      <UniqueIdentifier>{08179602-d722-464f-96b4-cc5c42ada252}</UniqueIdentifier>
    </Filter>
    <Filter Include="Engine\Shaders">
      <UniqueIdentifier>{19147621-0d11-4352-a637-0a84341de6cd}</UniqueIdentifier>
    </Filter>
    <Filter Include="Engine\Shaders\Lines">
      <UniqueIdentifier>{3a811dc5-6e1a-4ab5-94aa-f8d93beae5d2}</UniqueIdentifier>
    </Filter>
    <Filter Include="Game">
      <UniqueIdentifier>{b32ea37f-74b5-4f54-acab-e81f290c1381}</UniqueIdentifier>
    </Filter>
    <Filter Include="Engine\Sprite">
      <UniqueIdentifier>{613dccf2-b108-41f8-99e3-1c13876026c3}</UniqueIdentifier>
    </Filter>
  </ItemGroup>
  <ItemGroup>
    <ClInclude Include="Object.h">
      <Filter>Engine\Object</Filter>
    </ClInclude>
    <ClInclude Include="Mesh.h">
      <Filter>Engine\Mesh</Filter>
    </ClInclude>
    <ClInclude Include="Shader.h">
      <Filter>Engine\Shader</Filter>
    </ClInclude>
    <ClInclude Include="Renderer.h">
      <Filter>Engine\Renderer</Filter>
    </ClInclude>
    <ClInclude Include="Window.h">
      <Filter>Engine\Window</Filter>
    </ClInclude>
    <ClInclude Include="Cube.h">
      <Filter>Testing\Cube</Filter>
    </ClInclude>
    <ClInclude Include="Sprite.h">
      <Filter>Engine\Sprite</Filter>
    </ClInclude>
  </ItemGroup>
  <ItemGroup>
    <None Include="Shaders\Lines.frag">
      <Filter>Engine\Shaders\Lines</Filter>
    </None>
    <None Include="Shaders\Lines.geom">
      <Filter>Engine\Shaders\Lines</Filter>
    </None>
    <None Include="Shaders\Lines.vert">
      <Filter>Engine\Shaders\Lines</Filter>
    </None>
  </ItemGroup>
</Project>